// !$*UTF8*$!
{
	archiveVersion = 1;
	classes = {
	};
	objectVersion = 50;
	objects = {

/* Begin PBXBuildFile section */
		1B5D892E879AB8A01FE1F8A5 /* Pods_WeatherTestUITests.framework in Frameworks */ = {isa = PBXBuildFile; fileRef = FC19EC76C78CE5AA5853307C /* Pods_WeatherTestUITests.framework */; };
		21A984F5674C0483F1FC6B56 /* Pods_WeatherTestTests.framework in Frameworks */ = {isa = PBXBuildFile; fileRef = 23032F2EDB837DF8DAF86646 /* Pods_WeatherTestTests.framework */; };
		8BF1891CFCDF3E28D9EB53C8 /* Pods_WeatherTest.framework in Frameworks */ = {isa = PBXBuildFile; fileRef = 82B04605EFE771EBD79F4F06 /* Pods_WeatherTest.framework */; };
		D15E303F22C9189900170B69 /* AppDelegate.swift in Sources */ = {isa = PBXBuildFile; fileRef = D15E303E22C9189900170B69 /* AppDelegate.swift */; };
		D15E304122C9189900170B69 /* HomeViewController.swift in Sources */ = {isa = PBXBuildFile; fileRef = D15E304022C9189900170B69 /* HomeViewController.swift */; };
		D15E304622C9189A00170B69 /* Assets.xcassets in Resources */ = {isa = PBXBuildFile; fileRef = D15E304522C9189A00170B69 /* Assets.xcassets */; };
		D15E304922C9189A00170B69 /* LaunchScreen.storyboard in Resources */ = {isa = PBXBuildFile; fileRef = D15E304722C9189A00170B69 /* LaunchScreen.storyboard */; };
		D15E305F22C9189A00170B69 /* WeatherTestUITests.swift in Sources */ = {isa = PBXBuildFile; fileRef = D15E305E22C9189A00170B69 /* WeatherTestUITests.swift */; };
		D15E306E22C919AB00170B69 /* HomeViewController+Datasource.swift in Sources */ = {isa = PBXBuildFile; fileRef = D15E306D22C919AB00170B69 /* HomeViewController+Datasource.swift */; };
		D15E307022C919C800170B69 /* HomeViewController+Delegate.swift in Sources */ = {isa = PBXBuildFile; fileRef = D15E306F22C919C800170B69 /* HomeViewController+Delegate.swift */; };
		D15E307222C92B9300170B69 /* WeatherAPI.swift in Sources */ = {isa = PBXBuildFile; fileRef = D15E307122C92B9300170B69 /* WeatherAPI.swift */; };
		D1B9F8D822C92DDB000A8580 /* HomeViewModel.swift in Sources */ = {isa = PBXBuildFile; fileRef = D1B9F8D722C92DDB000A8580 /* HomeViewModel.swift */; };
		D1B9F8DB22C92E34000A8580 /* WeatherInfoViewModel.swift in Sources */ = {isa = PBXBuildFile; fileRef = D1B9F8DA22C92E34000A8580 /* WeatherInfoViewModel.swift */; };
		D1B9F8DD22C93025000A8580 /* HomeViewController.xib in Resources */ = {isa = PBXBuildFile; fileRef = D1B9F8DC22C93025000A8580 /* HomeViewController.xib */; };
		D1B9F8E022C93246000A8580 /* WeatherDateTableViewCell.swift in Sources */ = {isa = PBXBuildFile; fileRef = D1B9F8DE22C93246000A8580 /* WeatherDateTableViewCell.swift */; };
		D1B9F8E122C93246000A8580 /* WeatherDateTableViewCell.xib in Resources */ = {isa = PBXBuildFile; fileRef = D1B9F8DF22C93246000A8580 /* WeatherDateTableViewCell.xib */; };
		D1B9F8E622C938AB000A8580 /* WeatherDate.swift in Sources */ = {isa = PBXBuildFile; fileRef = D1B9F8E522C938AB000A8580 /* WeatherDate.swift */; };
		D1B9F8EB22C94F11000A8580 /* DateFormatter.swift in Sources */ = {isa = PBXBuildFile; fileRef = D1B9F8EA22C94F11000A8580 /* DateFormatter.swift */; };
		D1B9F8ED22C959E9000A8580 /* WeatherStoreManager.swift in Sources */ = {isa = PBXBuildFile; fileRef = D1B9F8EC22C959E9000A8580 /* WeatherStoreManager.swift */; };
		D1B9F8F022C96325000A8580 /* WeatherModel.swift in Sources */ = {isa = PBXBuildFile; fileRef = D1B9F8EF22C96325000A8580 /* WeatherModel.swift */; };
		D1B9F8F422C965A7000A8580 /* DetailViewController.swift in Sources */ = {isa = PBXBuildFile; fileRef = D1B9F8F222C965A7000A8580 /* DetailViewController.swift */; };
		D1B9F8F522C965A7000A8580 /* DetailViewController.xib in Resources */ = {isa = PBXBuildFile; fileRef = D1B9F8F322C965A7000A8580 /* DetailViewController.xib */; };
		D1B9F8F922C96839000A8580 /* DetailViewModel.swift in Sources */ = {isa = PBXBuildFile; fileRef = D1B9F8F822C96839000A8580 /* DetailViewModel.swift */; };
		D1B9F8FB22C96A44000A8580 /* DetailViewController+Datasource.swift in Sources */ = {isa = PBXBuildFile; fileRef = D1B9F8FA22C96A44000A8580 /* DetailViewController+Datasource.swift */; };
		D1B9F8FD22C96A91000A8580 /* DetailViewController+Delegate.swift in Sources */ = {isa = PBXBuildFile; fileRef = D1B9F8FC22C96A91000A8580 /* DetailViewController+Delegate.swift */; };
		D1B9F90122C96B15000A8580 /* WeatherInfoCollectionViewCell.swift in Sources */ = {isa = PBXBuildFile; fileRef = D1B9F8FF22C96B15000A8580 /* WeatherInfoCollectionViewCell.swift */; };
		D1B9F90222C96B15000A8580 /* WeatherInfoCollectionViewCell.xib in Resources */ = {isa = PBXBuildFile; fileRef = D1B9F90022C96B15000A8580 /* WeatherInfoCollectionViewCell.xib */; };
		D1B9F90422C96E7E000A8580 /* Double.swift in Sources */ = {isa = PBXBuildFile; fileRef = D1B9F90322C96E7E000A8580 /* Double.swift */; };
		D1F4D9F222CA13630019D5ED /* DateFormatterTests.swift in Sources */ = {isa = PBXBuildFile; fileRef = D1F4D9F122CA13630019D5ED /* DateFormatterTests.swift */; };
		D1F4D9F422CA15C80019D5ED /* Doubletests.swift in Sources */ = {isa = PBXBuildFile; fileRef = D1F4D9F322CA15C80019D5ED /* Doubletests.swift */; };
		D1F4D9F822CA17A30019D5ED /* HomeViewModelTests.swift in Sources */ = {isa = PBXBuildFile; fileRef = D1F4D9F722CA17A30019D5ED /* HomeViewModelTests.swift */; };
		D1F4D9FB22CA18090019D5ED /* WeatherFixtures.swift in Sources */ = {isa = PBXBuildFile; fileRef = D1F4D9FA22CA18090019D5ED /* WeatherFixtures.swift */; };
/* End PBXBuildFile section */

/* Begin PBXContainerItemProxy section */
		D15E305022C9189A00170B69 /* PBXContainerItemProxy */ = {
			isa = PBXContainerItemProxy;
			containerPortal = D15E303322C9189900170B69 /* Project object */;
			proxyType = 1;
			remoteGlobalIDString = D15E303A22C9189900170B69;
			remoteInfo = WeatherTest;
		};
		D15E305B22C9189A00170B69 /* PBXContainerItemProxy */ = {
			isa = PBXContainerItemProxy;
			containerPortal = D15E303322C9189900170B69 /* Project object */;
			proxyType = 1;
			remoteGlobalIDString = D15E303A22C9189900170B69;
			remoteInfo = WeatherTest;
		};
/* End PBXContainerItemProxy section */

/* Begin PBXFileReference section */
		004CAD906267F708100786E8 /* Pods-WeatherTest.release.xcconfig */ = {isa = PBXFileReference; includeInIndex = 1; lastKnownFileType = text.xcconfig; name = "Pods-WeatherTest.release.xcconfig"; path = "Target Support Files/Pods-WeatherTest/Pods-WeatherTest.release.xcconfig"; sourceTree = "<group>"; };
		23032F2EDB837DF8DAF86646 /* Pods_WeatherTestTests.framework */ = {isa = PBXFileReference; explicitFileType = wrapper.framework; includeInIndex = 0; path = Pods_WeatherTestTests.framework; sourceTree = BUILT_PRODUCTS_DIR; };
		281A8DD037FD99FE92FAA960 /* Pods-WeatherTest.debug.xcconfig */ = {isa = PBXFileReference; includeInIndex = 1; lastKnownFileType = text.xcconfig; name = "Pods-WeatherTest.debug.xcconfig"; path = "Target Support Files/Pods-WeatherTest/Pods-WeatherTest.debug.xcconfig"; sourceTree = "<group>"; };
		82B04605EFE771EBD79F4F06 /* Pods_WeatherTest.framework */ = {isa = PBXFileReference; explicitFileType = wrapper.framework; includeInIndex = 0; path = Pods_WeatherTest.framework; sourceTree = BUILT_PRODUCTS_DIR; };
		92CAFB91960F1DCB3B5AE071 /* Pods-WeatherTestTests.debug.xcconfig */ = {isa = PBXFileReference; includeInIndex = 1; lastKnownFileType = text.xcconfig; name = "Pods-WeatherTestTests.debug.xcconfig"; path = "Target Support Files/Pods-WeatherTestTests/Pods-WeatherTestTests.debug.xcconfig"; sourceTree = "<group>"; };
		B608774B25DAD21333CD6091 /* Pods-WeatherTestUITests.debug.xcconfig */ = {isa = PBXFileReference; includeInIndex = 1; lastKnownFileType = text.xcconfig; name = "Pods-WeatherTestUITests.debug.xcconfig"; path = "Target Support Files/Pods-WeatherTestUITests/Pods-WeatherTestUITests.debug.xcconfig"; sourceTree = "<group>"; };
		C889AAE22A502338DC55EA44 /* Pods-WeatherTestUITests.release.xcconfig */ = {isa = PBXFileReference; includeInIndex = 1; lastKnownFileType = text.xcconfig; name = "Pods-WeatherTestUITests.release.xcconfig"; path = "Target Support Files/Pods-WeatherTestUITests/Pods-WeatherTestUITests.release.xcconfig"; sourceTree = "<group>"; };
		C9F0D0DC9458D12E9ACA823E /* Pods-WeatherTestTests.release.xcconfig */ = {isa = PBXFileReference; includeInIndex = 1; lastKnownFileType = text.xcconfig; name = "Pods-WeatherTestTests.release.xcconfig"; path = "Target Support Files/Pods-WeatherTestTests/Pods-WeatherTestTests.release.xcconfig"; sourceTree = "<group>"; };
		D15E303B22C9189900170B69 /* WeatherTest.app */ = {isa = PBXFileReference; explicitFileType = wrapper.application; includeInIndex = 0; path = WeatherTest.app; sourceTree = BUILT_PRODUCTS_DIR; };
		D15E303E22C9189900170B69 /* AppDelegate.swift */ = {isa = PBXFileReference; lastKnownFileType = sourcecode.swift; path = AppDelegate.swift; sourceTree = "<group>"; };
		D15E304022C9189900170B69 /* HomeViewController.swift */ = {isa = PBXFileReference; lastKnownFileType = sourcecode.swift; path = HomeViewController.swift; sourceTree = "<group>"; };
		D15E304522C9189A00170B69 /* Assets.xcassets */ = {isa = PBXFileReference; lastKnownFileType = folder.assetcatalog; path = Assets.xcassets; sourceTree = "<group>"; };
		D15E304822C9189A00170B69 /* Base */ = {isa = PBXFileReference; lastKnownFileType = file.storyboard; name = Base; path = Base.lproj/LaunchScreen.storyboard; sourceTree = "<group>"; };
		D15E304A22C9189A00170B69 /* Info.plist */ = {isa = PBXFileReference; lastKnownFileType = text.plist.xml; path = Info.plist; sourceTree = "<group>"; };
		D15E304F22C9189A00170B69 /* WeatherTestTests.xctest */ = {isa = PBXFileReference; explicitFileType = wrapper.cfbundle; includeInIndex = 0; path = WeatherTestTests.xctest; sourceTree = BUILT_PRODUCTS_DIR; };
		D15E305522C9189A00170B69 /* Info.plist */ = {isa = PBXFileReference; lastKnownFileType = text.plist.xml; path = Info.plist; sourceTree = "<group>"; };
		D15E305A22C9189A00170B69 /* WeatherTestUITests.xctest */ = {isa = PBXFileReference; explicitFileType = wrapper.cfbundle; includeInIndex = 0; path = WeatherTestUITests.xctest; sourceTree = BUILT_PRODUCTS_DIR; };
		D15E305E22C9189A00170B69 /* WeatherTestUITests.swift */ = {isa = PBXFileReference; lastKnownFileType = sourcecode.swift; path = WeatherTestUITests.swift; sourceTree = "<group>"; };
		D15E306022C9189A00170B69 /* Info.plist */ = {isa = PBXFileReference; lastKnownFileType = text.plist.xml; path = Info.plist; sourceTree = "<group>"; };
		D15E306D22C919AB00170B69 /* HomeViewController+Datasource.swift */ = {isa = PBXFileReference; lastKnownFileType = sourcecode.swift; path = "HomeViewController+Datasource.swift"; sourceTree = "<group>"; };
		D15E306F22C919C800170B69 /* HomeViewController+Delegate.swift */ = {isa = PBXFileReference; lastKnownFileType = sourcecode.swift; path = "HomeViewController+Delegate.swift"; sourceTree = "<group>"; };
		D15E307122C92B9300170B69 /* WeatherAPI.swift */ = {isa = PBXFileReference; lastKnownFileType = sourcecode.swift; path = WeatherAPI.swift; sourceTree = "<group>"; };
		D1B9F8D722C92DDB000A8580 /* HomeViewModel.swift */ = {isa = PBXFileReference; lastKnownFileType = sourcecode.swift; path = HomeViewModel.swift; sourceTree = "<group>"; };
		D1B9F8DA22C92E34000A8580 /* WeatherInfoViewModel.swift */ = {isa = PBXFileReference; lastKnownFileType = sourcecode.swift; path = WeatherInfoViewModel.swift; sourceTree = "<group>"; };
		D1B9F8DC22C93025000A8580 /* HomeViewController.xib */ = {isa = PBXFileReference; lastKnownFileType = file.xib; path = HomeViewController.xib; sourceTree = "<group>"; };
		D1B9F8DE22C93246000A8580 /* WeatherDateTableViewCell.swift */ = {isa = PBXFileReference; lastKnownFileType = sourcecode.swift; path = WeatherDateTableViewCell.swift; sourceTree = "<group>"; };
		D1B9F8DF22C93246000A8580 /* WeatherDateTableViewCell.xib */ = {isa = PBXFileReference; lastKnownFileType = file.xib; path = WeatherDateTableViewCell.xib; sourceTree = "<group>"; };
		D1B9F8E522C938AB000A8580 /* WeatherDate.swift */ = {isa = PBXFileReference; lastKnownFileType = sourcecode.swift; path = WeatherDate.swift; sourceTree = "<group>"; };
		D1B9F8EA22C94F11000A8580 /* DateFormatter.swift */ = {isa = PBXFileReference; lastKnownFileType = sourcecode.swift; path = DateFormatter.swift; sourceTree = "<group>"; };
		D1B9F8EC22C959E9000A8580 /* WeatherStoreManager.swift */ = {isa = PBXFileReference; lastKnownFileType = sourcecode.swift; path = WeatherStoreManager.swift; sourceTree = "<group>"; };
		D1B9F8EF22C96325000A8580 /* WeatherModel.swift */ = {isa = PBXFileReference; lastKnownFileType = sourcecode.swift; path = WeatherModel.swift; sourceTree = "<group>"; };
		D1B9F8F222C965A7000A8580 /* DetailViewController.swift */ = {isa = PBXFileReference; lastKnownFileType = sourcecode.swift; path = DetailViewController.swift; sourceTree = "<group>"; };
		D1B9F8F322C965A7000A8580 /* DetailViewController.xib */ = {isa = PBXFileReference; lastKnownFileType = file.xib; path = DetailViewController.xib; sourceTree = "<group>"; };
		D1B9F8F822C96839000A8580 /* DetailViewModel.swift */ = {isa = PBXFileReference; lastKnownFileType = sourcecode.swift; path = DetailViewModel.swift; sourceTree = "<group>"; };
		D1B9F8FA22C96A44000A8580 /* DetailViewController+Datasource.swift */ = {isa = PBXFileReference; lastKnownFileType = sourcecode.swift; path = "DetailViewController+Datasource.swift"; sourceTree = "<group>"; };
		D1B9F8FC22C96A91000A8580 /* DetailViewController+Delegate.swift */ = {isa = PBXFileReference; lastKnownFileType = sourcecode.swift; path = "DetailViewController+Delegate.swift"; sourceTree = "<group>"; };
		D1B9F8FF22C96B15000A8580 /* WeatherInfoCollectionViewCell.swift */ = {isa = PBXFileReference; lastKnownFileType = sourcecode.swift; path = WeatherInfoCollectionViewCell.swift; sourceTree = "<group>"; };
		D1B9F90022C96B15000A8580 /* WeatherInfoCollectionViewCell.xib */ = {isa = PBXFileReference; lastKnownFileType = file.xib; path = WeatherInfoCollectionViewCell.xib; sourceTree = "<group>"; };
		D1B9F90322C96E7E000A8580 /* Double.swift */ = {isa = PBXFileReference; lastKnownFileType = sourcecode.swift; path = Double.swift; sourceTree = "<group>"; };
		D1F4D9F122CA13630019D5ED /* DateFormatterTests.swift */ = {isa = PBXFileReference; lastKnownFileType = sourcecode.swift; path = DateFormatterTests.swift; sourceTree = "<group>"; };
		D1F4D9F322CA15C80019D5ED /* Doubletests.swift */ = {isa = PBXFileReference; lastKnownFileType = sourcecode.swift; path = Doubletests.swift; sourceTree = "<group>"; };
		D1F4D9F722CA17A30019D5ED /* HomeViewModelTests.swift */ = {isa = PBXFileReference; lastKnownFileType = sourcecode.swift; path = HomeViewModelTests.swift; sourceTree = "<group>"; };
		D1F4D9FA22CA18090019D5ED /* WeatherFixtures.swift */ = {isa = PBXFileReference; lastKnownFileType = sourcecode.swift; path = WeatherFixtures.swift; sourceTree = "<group>"; };
		FC19EC76C78CE5AA5853307C /* Pods_WeatherTestUITests.framework */ = {isa = PBXFileReference; explicitFileType = wrapper.framework; includeInIndex = 0; path = Pods_WeatherTestUITests.framework; sourceTree = BUILT_PRODUCTS_DIR; };
/* End PBXFileReference section */

/* Begin PBXFrameworksBuildPhase section */
		D15E303822C9189900170B69 /* Frameworks */ = {
			isa = PBXFrameworksBuildPhase;
			buildActionMask = 2147483647;
			files = (
				8BF1891CFCDF3E28D9EB53C8 /* Pods_WeatherTest.framework in Frameworks */,
			);
			runOnlyForDeploymentPostprocessing = 0;
		};
		D15E304C22C9189A00170B69 /* Frameworks */ = {
			isa = PBXFrameworksBuildPhase;
			buildActionMask = 2147483647;
			files = (
				21A984F5674C0483F1FC6B56 /* Pods_WeatherTestTests.framework in Frameworks */,
			);
			runOnlyForDeploymentPostprocessing = 0;
		};
		D15E305722C9189A00170B69 /* Frameworks */ = {
			isa = PBXFrameworksBuildPhase;
			buildActionMask = 2147483647;
			files = (
				1B5D892E879AB8A01FE1F8A5 /* Pods_WeatherTestUITests.framework in Frameworks */,
			);
			runOnlyForDeploymentPostprocessing = 0;
		};
/* End PBXFrameworksBuildPhase section */

/* Begin PBXGroup section */
		213C6F8EEF12C0CD03A964D5 /* Frameworks */ = {
			isa = PBXGroup;
			children = (
				82B04605EFE771EBD79F4F06 /* Pods_WeatherTest.framework */,
				23032F2EDB837DF8DAF86646 /* Pods_WeatherTestTests.framework */,
				FC19EC76C78CE5AA5853307C /* Pods_WeatherTestUITests.framework */,
			);
			name = Frameworks;
			sourceTree = "<group>";
		};
		D15E303222C9189900170B69 = {
			isa = PBXGroup;
			children = (
				D15E303D22C9189900170B69 /* WeatherTest */,
				D15E305222C9189A00170B69 /* WeatherTestTests */,
				D15E305D22C9189A00170B69 /* WeatherTestUITests */,
				D15E303C22C9189900170B69 /* Products */,
				D3F0F80C42FAE056F2AFD663 /* Pods */,
				213C6F8EEF12C0CD03A964D5 /* Frameworks */,
			);
			sourceTree = "<group>";
		};
		D15E303C22C9189900170B69 /* Products */ = {
			isa = PBXGroup;
			children = (
				D15E303B22C9189900170B69 /* WeatherTest.app */,
				D15E304F22C9189A00170B69 /* WeatherTestTests.xctest */,
				D15E305A22C9189A00170B69 /* WeatherTestUITests.xctest */,
			);
			name = Products;
			sourceTree = "<group>";
		};
		D15E303D22C9189900170B69 /* WeatherTest */ = {
			isa = PBXGroup;
			children = (
				D15E303E22C9189900170B69 /* AppDelegate.swift */,
				D15E307122C92B9300170B69 /* WeatherAPI.swift */,
				D1B9F8EE22C962FD000A8580 /* Storage */,
				D1B9F8E922C94EFD000A8580 /* Extensions */,
				D1B9F8E422C9387A000A8580 /* Model */,
				D15E306C22C9197500170B69 /* Home */,
				D1B9F8F122C9657C000A8580 /* Detail */,
				D15E304522C9189A00170B69 /* Assets.xcassets */,
				D15E304722C9189A00170B69 /* LaunchScreen.storyboard */,
				D15E304A22C9189A00170B69 /* Info.plist */,
			);
			path = WeatherTest;
			sourceTree = "<group>";
		};
		D15E305222C9189A00170B69 /* WeatherTestTests */ = {
			isa = PBXGroup;
			children = (
				D15E305522C9189A00170B69 /* Info.plist */,
				D1F4D9F522CA17910019D5ED /* Home */,
				D1F4D9EC22CA12B80019D5ED /* Extensions */,
			);
			path = WeatherTestTests;
			sourceTree = "<group>";
		};
		D15E305D22C9189A00170B69 /* WeatherTestUITests */ = {
			isa = PBXGroup;
			children = (
				D15E305E22C9189A00170B69 /* WeatherTestUITests.swift */,
				D15E306022C9189A00170B69 /* Info.plist */,
			);
			path = WeatherTestUITests;
			sourceTree = "<group>";
		};
		D15E306C22C9197500170B69 /* Home */ = {
			isa = PBXGroup;
			children = (
				D1B9F8D922C92E1C000A8580 /* Weather Date */,
				D1B9F8E222C936BC000A8580 /* ViewModel */,
				D1B9F8E322C936C6000A8580 /* Controller */,
			);
			path = Home;
			sourceTree = "<group>";
		};
		D1B9F8D922C92E1C000A8580 /* Weather Date */ = {
			isa = PBXGroup;
			children = (
				D1B9F8DA22C92E34000A8580 /* WeatherInfoViewModel.swift */,
				D1B9F8DE22C93246000A8580 /* WeatherDateTableViewCell.swift */,
				D1B9F8DF22C93246000A8580 /* WeatherDateTableViewCell.xib */,
			);
			path = "Weather Date";
			sourceTree = "<group>";
		};
		D1B9F8E222C936BC000A8580 /* ViewModel */ = {
			isa = PBXGroup;
			children = (
				D1B9F8D722C92DDB000A8580 /* HomeViewModel.swift */,
			);
			path = ViewModel;
			sourceTree = "<group>";
		};
		D1B9F8E322C936C6000A8580 /* Controller */ = {
			isa = PBXGroup;
			children = (
				D15E304022C9189900170B69 /* HomeViewController.swift */,
				D1B9F8DC22C93025000A8580 /* HomeViewController.xib */,
				D15E306D22C919AB00170B69 /* HomeViewController+Datasource.swift */,
				D15E306F22C919C800170B69 /* HomeViewController+Delegate.swift */,
			);
			path = Controller;
			sourceTree = "<group>";
		};
		D1B9F8E422C9387A000A8580 /* Model */ = {
			isa = PBXGroup;
			children = (
				D1B9F8E522C938AB000A8580 /* WeatherDate.swift */,
			);
			path = Model;
			sourceTree = "<group>";
		};
		D1B9F8E922C94EFD000A8580 /* Extensions */ = {
			isa = PBXGroup;
			children = (
				D1B9F8EA22C94F11000A8580 /* DateFormatter.swift */,
				D1B9F90322C96E7E000A8580 /* Double.swift */,
			);
			path = Extensions;
			sourceTree = "<group>";
		};
		D1B9F8EE22C962FD000A8580 /* Storage */ = {
			isa = PBXGroup;
			children = (
				D1B9F8EC22C959E9000A8580 /* WeatherStoreManager.swift */,
				D1B9F8EF22C96325000A8580 /* WeatherModel.swift */,
			);
			path = Storage;
			sourceTree = "<group>";
		};
		D1B9F8F122C9657C000A8580 /* Detail */ = {
			isa = PBXGroup;
			children = (
				D1B9F8FE22C96AFB000A8580 /* Weather Info */,
				D1B9F8F722C9682B000A8580 /* ViewModel */,
				D1B9F8F622C965AC000A8580 /* Controller */,
			);
			path = Detail;
			sourceTree = "<group>";
		};
		D1B9F8F622C965AC000A8580 /* Controller */ = {
			isa = PBXGroup;
			children = (
				D1B9F8F222C965A7000A8580 /* DetailViewController.swift */,
				D1B9F8F322C965A7000A8580 /* DetailViewController.xib */,
				D1B9F8FA22C96A44000A8580 /* DetailViewController+Datasource.swift */,
				D1B9F8FC22C96A91000A8580 /* DetailViewController+Delegate.swift */,
			);
			path = Controller;
			sourceTree = "<group>";
		};
		D1B9F8F722C9682B000A8580 /* ViewModel */ = {
			isa = PBXGroup;
			children = (
				D1B9F8F822C96839000A8580 /* DetailViewModel.swift */,
			);
			path = ViewModel;
			sourceTree = "<group>";
		};
		D1B9F8FE22C96AFB000A8580 /* Weather Info */ = {
			isa = PBXGroup;
			children = (
				D1B9F8FF22C96B15000A8580 /* WeatherInfoCollectionViewCell.swift */,
				D1B9F90022C96B15000A8580 /* WeatherInfoCollectionViewCell.xib */,
			);
			path = "Weather Info";
			sourceTree = "<group>";
		};
		D1F4D9EC22CA12B80019D5ED /* Extensions */ = {
			isa = PBXGroup;
			children = (
				D1F4D9F122CA13630019D5ED /* DateFormatterTests.swift */,
				D1F4D9F322CA15C80019D5ED /* Doubletests.swift */,
			);
			path = Extensions;
			sourceTree = "<group>";
		};
		D1F4D9F522CA17910019D5ED /* Home */ = {
			isa = PBXGroup;
			children = (
				D1F4D9F922CA17F70019D5ED /* Fixtures */,
				D1F4D9F622CA17950019D5ED /* HomeViewModel */,
			);
			path = Home;
			sourceTree = "<group>";
		};
		D1F4D9F622CA17950019D5ED /* HomeViewModel */ = {
			isa = PBXGroup;
			children = (
				D1F4D9F722CA17A30019D5ED /* HomeViewModelTests.swift */,
			);
			path = HomeViewModel;
			sourceTree = "<group>";
		};
		D1F4D9F922CA17F70019D5ED /* Fixtures */ = {
			isa = PBXGroup;
			children = (
				D1F4D9FA22CA18090019D5ED /* WeatherFixtures.swift */,
			);
			path = Fixtures;
			sourceTree = "<group>";
		};
		D3F0F80C42FAE056F2AFD663 /* Pods */ = {
			isa = PBXGroup;
			children = (
				281A8DD037FD99FE92FAA960 /* Pods-WeatherTest.debug.xcconfig */,
				004CAD906267F708100786E8 /* Pods-WeatherTest.release.xcconfig */,
				92CAFB91960F1DCB3B5AE071 /* Pods-WeatherTestTests.debug.xcconfig */,
				C9F0D0DC9458D12E9ACA823E /* Pods-WeatherTestTests.release.xcconfig */,
				B608774B25DAD21333CD6091 /* Pods-WeatherTestUITests.debug.xcconfig */,
				C889AAE22A502338DC55EA44 /* Pods-WeatherTestUITests.release.xcconfig */,
			);
			path = Pods;
			sourceTree = "<group>";
		};
/* End PBXGroup section */

/* Begin PBXNativeTarget section */
		D15E303A22C9189900170B69 /* WeatherTest */ = {
			isa = PBXNativeTarget;
			buildConfigurationList = D15E306322C9189A00170B69 /* Build configuration list for PBXNativeTarget "WeatherTest" */;
			buildPhases = (
				8A07D655B8D33CB873795B29 /* [CP] Check Pods Manifest.lock */,
				D15E303722C9189900170B69 /* Sources */,
				D15E303822C9189900170B69 /* Frameworks */,
				D15E303922C9189900170B69 /* Resources */,
				1583255C95B56A5F36772C11 /* [CP] Embed Pods Frameworks */,
			);
			buildRules = (
			);
			dependencies = (
			);
			name = WeatherTest;
			productName = WeatherTest;
			productReference = D15E303B22C9189900170B69 /* WeatherTest.app */;
			productType = "com.apple.product-type.application";
		};
		D15E304E22C9189A00170B69 /* WeatherTestTests */ = {
			isa = PBXNativeTarget;
			buildConfigurationList = D15E306622C9189A00170B69 /* Build configuration list for PBXNativeTarget "WeatherTestTests" */;
			buildPhases = (
				93AAF76D1565FD28C4A12B0B /* [CP] Check Pods Manifest.lock */,
				D15E304B22C9189A00170B69 /* Sources */,
				D15E304C22C9189A00170B69 /* Frameworks */,
				D15E304D22C9189A00170B69 /* Resources */,
			);
			buildRules = (
			);
			dependencies = (
				D15E305122C9189A00170B69 /* PBXTargetDependency */,
			);
			name = WeatherTestTests;
			productName = WeatherTestTests;
			productReference = D15E304F22C9189A00170B69 /* WeatherTestTests.xctest */;
			productType = "com.apple.product-type.bundle.unit-test";
		};
		D15E305922C9189A00170B69 /* WeatherTestUITests */ = {
			isa = PBXNativeTarget;
			buildConfigurationList = D15E306922C9189A00170B69 /* Build configuration list for PBXNativeTarget "WeatherTestUITests" */;
			buildPhases = (
				932371F7236E7B11296313D3 /* [CP] Check Pods Manifest.lock */,
				D15E305622C9189A00170B69 /* Sources */,
				D15E305722C9189A00170B69 /* Frameworks */,
				D15E305822C9189A00170B69 /* Resources */,
			);
			buildRules = (
			);
			dependencies = (
				D15E305C22C9189A00170B69 /* PBXTargetDependency */,
			);
			name = WeatherTestUITests;
			productName = WeatherTestUITests;
			productReference = D15E305A22C9189A00170B69 /* WeatherTestUITests.xctest */;
			productType = "com.apple.product-type.bundle.ui-testing";
		};
/* End PBXNativeTarget section */

/* Begin PBXProject section */
		D15E303322C9189900170B69 /* Project object */ = {
			isa = PBXProject;
			attributes = {
				LastSwiftUpdateCheck = 1020;
				LastUpgradeCheck = 1020;
				ORGANIZATIONNAME = "Kurrimboccus Rayane";
				TargetAttributes = {
					D15E303A22C9189900170B69 = {
						CreatedOnToolsVersion = 10.2.1;
					};
					D15E304E22C9189A00170B69 = {
						CreatedOnToolsVersion = 10.2.1;
						LastSwiftMigration = 1020;
						TestTargetID = D15E303A22C9189900170B69;
					};
					D15E305922C9189A00170B69 = {
						CreatedOnToolsVersion = 10.2.1;
						TestTargetID = D15E303A22C9189900170B69;
					};
				};
			};
			buildConfigurationList = D15E303622C9189900170B69 /* Build configuration list for PBXProject "WeatherTest" */;
			compatibilityVersion = "Xcode 9.3";
			developmentRegion = en;
			hasScannedForEncodings = 0;
			knownRegions = (
				en,
				Base,
			);
			mainGroup = D15E303222C9189900170B69;
			productRefGroup = D15E303C22C9189900170B69 /* Products */;
			projectDirPath = "";
			projectRoot = "";
			targets = (
				D15E303A22C9189900170B69 /* WeatherTest */,
				D15E304E22C9189A00170B69 /* WeatherTestTests */,
				D15E305922C9189A00170B69 /* WeatherTestUITests */,
			);
		};
/* End PBXProject section */

/* Begin PBXResourcesBuildPhase section */
		D15E303922C9189900170B69 /* Resources */ = {
			isa = PBXResourcesBuildPhase;
			buildActionMask = 2147483647;
			files = (
				D15E304922C9189A00170B69 /* LaunchScreen.storyboard in Resources */,
				D15E304622C9189A00170B69 /* Assets.xcassets in Resources */,
				D1B9F8F522C965A7000A8580 /* DetailViewController.xib in Resources */,
				D1B9F90222C96B15000A8580 /* WeatherInfoCollectionViewCell.xib in Resources */,
				D1B9F8E122C93246000A8580 /* WeatherDateTableViewCell.xib in Resources */,
				D1B9F8DD22C93025000A8580 /* HomeViewController.xib in Resources */,
			);
			runOnlyForDeploymentPostprocessing = 0;
		};
		D15E304D22C9189A00170B69 /* Resources */ = {
			isa = PBXResourcesBuildPhase;
			buildActionMask = 2147483647;
			files = (
			);
			runOnlyForDeploymentPostprocessing = 0;
		};
		D15E305822C9189A00170B69 /* Resources */ = {
			isa = PBXResourcesBuildPhase;
			buildActionMask = 2147483647;
			files = (
			);
			runOnlyForDeploymentPostprocessing = 0;
		};
/* End PBXResourcesBuildPhase section */

/* Begin PBXShellScriptBuildPhase section */
		1583255C95B56A5F36772C11 /* [CP] Embed Pods Frameworks */ = {
			isa = PBXShellScriptBuildPhase;
			buildActionMask = 2147483647;
			files = (
			);
			inputFileListPaths = (
			);
			inputPaths = (
				"${PODS_ROOT}/Target Support Files/Pods-WeatherTest/Pods-WeatherTest-frameworks.sh",
				"${BUILT_PRODUCTS_DIR}/Alamofire/Alamofire.framework",
				"${BUILT_PRODUCTS_DIR}/SwiftDate/SwiftDate.framework",
			);
			name = "[CP] Embed Pods Frameworks";
			outputFileListPaths = (
			);
			outputPaths = (
				"${TARGET_BUILD_DIR}/${FRAMEWORKS_FOLDER_PATH}/Alamofire.framework",
				"${TARGET_BUILD_DIR}/${FRAMEWORKS_FOLDER_PATH}/SwiftDate.framework",
			);
			runOnlyForDeploymentPostprocessing = 0;
			shellPath = /bin/sh;
			shellScript = "\"${PODS_ROOT}/Target Support Files/Pods-WeatherTest/Pods-WeatherTest-frameworks.sh\"\n";
			showEnvVarsInLog = 0;
		};
		8A07D655B8D33CB873795B29 /* [CP] Check Pods Manifest.lock */ = {
			isa = PBXShellScriptBuildPhase;
			buildActionMask = 2147483647;
			files = (
			);
			inputFileListPaths = (
			);
			inputPaths = (
				"${PODS_PODFILE_DIR_PATH}/Podfile.lock",
				"${PODS_ROOT}/Manifest.lock",
			);
			name = "[CP] Check Pods Manifest.lock";
			outputFileListPaths = (
			);
			outputPaths = (
				"$(DERIVED_FILE_DIR)/Pods-WeatherTest-checkManifestLockResult.txt",
			);
			runOnlyForDeploymentPostprocessing = 0;
			shellPath = /bin/sh;
			shellScript = "diff \"${PODS_PODFILE_DIR_PATH}/Podfile.lock\" \"${PODS_ROOT}/Manifest.lock\" > /dev/null\nif [ $? != 0 ] ; then\n    # print error to STDERR\n    echo \"error: The sandbox is not in sync with the Podfile.lock. Run 'pod install' or update your CocoaPods installation.\" >&2\n    exit 1\nfi\n# This output is used by Xcode 'outputs' to avoid re-running this script phase.\necho \"SUCCESS\" > \"${SCRIPT_OUTPUT_FILE_0}\"\n";
			showEnvVarsInLog = 0;
		};
		932371F7236E7B11296313D3 /* [CP] Check Pods Manifest.lock */ = {
			isa = PBXShellScriptBuildPhase;
			buildActionMask = 2147483647;
			files = (
			);
			inputFileListPaths = (
			);
			inputPaths = (
				"${PODS_PODFILE_DIR_PATH}/Podfile.lock",
				"${PODS_ROOT}/Manifest.lock",
			);
			name = "[CP] Check Pods Manifest.lock";
			outputFileListPaths = (
			);
			outputPaths = (
				"$(DERIVED_FILE_DIR)/Pods-WeatherTestUITests-checkManifestLockResult.txt",
			);
			runOnlyForDeploymentPostprocessing = 0;
			shellPath = /bin/sh;
			shellScript = "diff \"${PODS_PODFILE_DIR_PATH}/Podfile.lock\" \"${PODS_ROOT}/Manifest.lock\" > /dev/null\nif [ $? != 0 ] ; then\n    # print error to STDERR\n    echo \"error: The sandbox is not in sync with the Podfile.lock. Run 'pod install' or update your CocoaPods installation.\" >&2\n    exit 1\nfi\n# This output is used by Xcode 'outputs' to avoid re-running this script phase.\necho \"SUCCESS\" > \"${SCRIPT_OUTPUT_FILE_0}\"\n";
			showEnvVarsInLog = 0;
		};
		93AAF76D1565FD28C4A12B0B /* [CP] Check Pods Manifest.lock */ = {
			isa = PBXShellScriptBuildPhase;
			buildActionMask = 2147483647;
			files = (
			);
			inputFileListPaths = (
			);
			inputPaths = (
				"${PODS_PODFILE_DIR_PATH}/Podfile.lock",
				"${PODS_ROOT}/Manifest.lock",
			);
			name = "[CP] Check Pods Manifest.lock";
			outputFileListPaths = (
			);
			outputPaths = (
				"$(DERIVED_FILE_DIR)/Pods-WeatherTestTests-checkManifestLockResult.txt",
			);
			runOnlyForDeploymentPostprocessing = 0;
			shellPath = /bin/sh;
			shellScript = "diff \"${PODS_PODFILE_DIR_PATH}/Podfile.lock\" \"${PODS_ROOT}/Manifest.lock\" > /dev/null\nif [ $? != 0 ] ; then\n    # print error to STDERR\n    echo \"error: The sandbox is not in sync with the Podfile.lock. Run 'pod install' or update your CocoaPods installation.\" >&2\n    exit 1\nfi\n# This output is used by Xcode 'outputs' to avoid re-running this script phase.\necho \"SUCCESS\" > \"${SCRIPT_OUTPUT_FILE_0}\"\n";
			showEnvVarsInLog = 0;
		};
/* End PBXShellScriptBuildPhase section */

/* Begin PBXSourcesBuildPhase section */
		D15E303722C9189900170B69 /* Sources */ = {
			isa = PBXSourcesBuildPhase;
			buildActionMask = 2147483647;
			files = (
				D1B9F8F422C965A7000A8580 /* DetailViewController.swift in Sources */,
				D15E304122C9189900170B69 /* HomeViewController.swift in Sources */,
				D1B9F8DB22C92E34000A8580 /* WeatherInfoViewModel.swift in Sources */,
				D1B9F8E022C93246000A8580 /* WeatherDateTableViewCell.swift in Sources */,
				D1B9F90122C96B15000A8580 /* WeatherInfoCollectionViewCell.swift in Sources */,
				D1B9F8D822C92DDB000A8580 /* HomeViewModel.swift in Sources */,
				D1B9F8EB22C94F11000A8580 /* DateFormatter.swift in Sources */,
				D1B9F8FD22C96A91000A8580 /* DetailViewController+Delegate.swift in Sources */,
				D15E303F22C9189900170B69 /* AppDelegate.swift in Sources */,
				D15E307222C92B9300170B69 /* WeatherAPI.swift in Sources */,
				D15E307022C919C800170B69 /* HomeViewController+Delegate.swift in Sources */,
				D1B9F8F922C96839000A8580 /* DetailViewModel.swift in Sources */,
				D1B9F8E622C938AB000A8580 /* WeatherDate.swift in Sources */,
				D1B9F8ED22C959E9000A8580 /* WeatherStoreManager.swift in Sources */,
				D1B9F8F022C96325000A8580 /* WeatherModel.swift in Sources */,
				D15E306E22C919AB00170B69 /* HomeViewController+Datasource.swift in Sources */,
				D1B9F90422C96E7E000A8580 /* Double.swift in Sources */,
				D1B9F8FB22C96A44000A8580 /* DetailViewController+Datasource.swift in Sources */,
			);
			runOnlyForDeploymentPostprocessing = 0;
		};
		D15E304B22C9189A00170B69 /* Sources */ = {
			isa = PBXSourcesBuildPhase;
			buildActionMask = 2147483647;
			files = (
				D1F4D9F422CA15C80019D5ED /* Doubletests.swift in Sources */,
				D1F4D9F222CA13630019D5ED /* DateFormatterTests.swift in Sources */,
				D1F4D9FB22CA18090019D5ED /* WeatherFixtures.swift in Sources */,
				D1F4D9F822CA17A30019D5ED /* HomeViewModelTests.swift in Sources */,
			);
			runOnlyForDeploymentPostprocessing = 0;
		};
		D15E305622C9189A00170B69 /* Sources */ = {
			isa = PBXSourcesBuildPhase;
			buildActionMask = 2147483647;
			files = (
				D15E305F22C9189A00170B69 /* WeatherTestUITests.swift in Sources */,
			);
			runOnlyForDeploymentPostprocessing = 0;
		};
/* End PBXSourcesBuildPhase section */

/* Begin PBXTargetDependency section */
		D15E305122C9189A00170B69 /* PBXTargetDependency */ = {
			isa = PBXTargetDependency;
			target = D15E303A22C9189900170B69 /* WeatherTest */;
			targetProxy = D15E305022C9189A00170B69 /* PBXContainerItemProxy */;
		};
		D15E305C22C9189A00170B69 /* PBXTargetDependency */ = {
			isa = PBXTargetDependency;
			target = D15E303A22C9189900170B69 /* WeatherTest */;
			targetProxy = D15E305B22C9189A00170B69 /* PBXContainerItemProxy */;
		};
/* End PBXTargetDependency section */

/* Begin PBXVariantGroup section */
		D15E304722C9189A00170B69 /* LaunchScreen.storyboard */ = {
			isa = PBXVariantGroup;
			children = (
				D15E304822C9189A00170B69 /* Base */,
			);
			name = LaunchScreen.storyboard;
			sourceTree = "<group>";
		};
/* End PBXVariantGroup section */

/* Begin XCBuildConfiguration section */
		D15E306122C9189A00170B69 /* Debug */ = {
			isa = XCBuildConfiguration;
			buildSettings = {
				ALWAYS_SEARCH_USER_PATHS = NO;
				CLANG_ANALYZER_NONNULL = YES;
				CLANG_ANALYZER_NUMBER_OBJECT_CONVERSION = YES_AGGRESSIVE;
				CLANG_CXX_LANGUAGE_STANDARD = "gnu++14";
				CLANG_CXX_LIBRARY = "libc++";
				CLANG_ENABLE_MODULES = YES;
				CLANG_ENABLE_OBJC_ARC = YES;
				CLANG_ENABLE_OBJC_WEAK = YES;
				CLANG_WARN_BLOCK_CAPTURE_AUTORELEASING = YES;
				CLANG_WARN_BOOL_CONVERSION = YES;
				CLANG_WARN_COMMA = YES;
				CLANG_WARN_CONSTANT_CONVERSION = YES;
				CLANG_WARN_DEPRECATED_OBJC_IMPLEMENTATIONS = YES;
				CLANG_WARN_DIRECT_OBJC_ISA_USAGE = YES_ERROR;
				CLANG_WARN_DOCUMENTATION_COMMENTS = YES;
				CLANG_WARN_EMPTY_BODY = YES;
				CLANG_WARN_ENUM_CONVERSION = YES;
				CLANG_WARN_INFINITE_RECURSION = YES;
				CLANG_WARN_INT_CONVERSION = YES;
				CLANG_WARN_NON_LITERAL_NULL_CONVERSION = YES;
				CLANG_WARN_OBJC_IMPLICIT_RETAIN_SELF = YES;
				CLANG_WARN_OBJC_LITERAL_CONVERSION = YES;
				CLANG_WARN_OBJC_ROOT_CLASS = YES_ERROR;
				CLANG_WARN_RANGE_LOOP_ANALYSIS = YES;
				CLANG_WARN_STRICT_PROTOTYPES = YES;
				CLANG_WARN_SUSPICIOUS_MOVE = YES;
				CLANG_WARN_UNGUARDED_AVAILABILITY = YES_AGGRESSIVE;
				CLANG_WARN_UNREACHABLE_CODE = YES;
				CLANG_WARN__DUPLICATE_METHOD_MATCH = YES;
				CODE_SIGN_IDENTITY = "iPhone Developer";
				COPY_PHASE_STRIP = NO;
				DEBUG_INFORMATION_FORMAT = dwarf;
				ENABLE_STRICT_OBJC_MSGSEND = YES;
				ENABLE_TESTABILITY = YES;
				GCC_C_LANGUAGE_STANDARD = gnu11;
				GCC_DYNAMIC_NO_PIC = NO;
				GCC_NO_COMMON_BLOCKS = YES;
				GCC_OPTIMIZATION_LEVEL = 0;
				GCC_PREPROCESSOR_DEFINITIONS = (
					"DEBUG=1",
					"$(inherited)",
				);
				GCC_WARN_64_TO_32_BIT_CONVERSION = YES;
				GCC_WARN_ABOUT_RETURN_TYPE = YES_ERROR;
				GCC_WARN_UNDECLARED_SELECTOR = YES;
				GCC_WARN_UNINITIALIZED_AUTOS = YES_AGGRESSIVE;
				GCC_WARN_UNUSED_FUNCTION = YES;
				GCC_WARN_UNUSED_VARIABLE = YES;
				IPHONEOS_DEPLOYMENT_TARGET = 12.2;
				MTL_ENABLE_DEBUG_INFO = INCLUDE_SOURCE;
				MTL_FAST_MATH = YES;
				ONLY_ACTIVE_ARCH = YES;
				SDKROOT = iphoneos;
				SWIFT_ACTIVE_COMPILATION_CONDITIONS = DEBUG;
				SWIFT_OPTIMIZATION_LEVEL = "-Onone";
			};
			name = Debug;
		};
		D15E306222C9189A00170B69 /* Release */ = {
			isa = XCBuildConfiguration;
			buildSettings = {
				ALWAYS_SEARCH_USER_PATHS = NO;
				CLANG_ANALYZER_NONNULL = YES;
				CLANG_ANALYZER_NUMBER_OBJECT_CONVERSION = YES_AGGRESSIVE;
				CLANG_CXX_LANGUAGE_STANDARD = "gnu++14";
				CLANG_CXX_LIBRARY = "libc++";
				CLANG_ENABLE_MODULES = YES;
				CLANG_ENABLE_OBJC_ARC = YES;
				CLANG_ENABLE_OBJC_WEAK = YES;
				CLANG_WARN_BLOCK_CAPTURE_AUTORELEASING = YES;
				CLANG_WARN_BOOL_CONVERSION = YES;
				CLANG_WARN_COMMA = YES;
				CLANG_WARN_CONSTANT_CONVERSION = YES;
				CLANG_WARN_DEPRECATED_OBJC_IMPLEMENTATIONS = YES;
				CLANG_WARN_DIRECT_OBJC_ISA_USAGE = YES_ERROR;
				CLANG_WARN_DOCUMENTATION_COMMENTS = YES;
				CLANG_WARN_EMPTY_BODY = YES;
				CLANG_WARN_ENUM_CONVERSION = YES;
				CLANG_WARN_INFINITE_RECURSION = YES;
				CLANG_WARN_INT_CONVERSION = YES;
				CLANG_WARN_NON_LITERAL_NULL_CONVERSION = YES;
				CLANG_WARN_OBJC_IMPLICIT_RETAIN_SELF = YES;
				CLANG_WARN_OBJC_LITERAL_CONVERSION = YES;
				CLANG_WARN_OBJC_ROOT_CLASS = YES_ERROR;
				CLANG_WARN_RANGE_LOOP_ANALYSIS = YES;
				CLANG_WARN_STRICT_PROTOTYPES = YES;
				CLANG_WARN_SUSPICIOUS_MOVE = YES;
				CLANG_WARN_UNGUARDED_AVAILABILITY = YES_AGGRESSIVE;
				CLANG_WARN_UNREACHABLE_CODE = YES;
				CLANG_WARN__DUPLICATE_METHOD_MATCH = YES;
				CODE_SIGN_IDENTITY = "iPhone Developer";
				COPY_PHASE_STRIP = NO;
				DEBUG_INFORMATION_FORMAT = "dwarf-with-dsym";
				ENABLE_NS_ASSERTIONS = NO;
				ENABLE_STRICT_OBJC_MSGSEND = YES;
				GCC_C_LANGUAGE_STANDARD = gnu11;
				GCC_NO_COMMON_BLOCKS = YES;
				GCC_WARN_64_TO_32_BIT_CONVERSION = YES;
				GCC_WARN_ABOUT_RETURN_TYPE = YES_ERROR;
				GCC_WARN_UNDECLARED_SELECTOR = YES;
				GCC_WARN_UNINITIALIZED_AUTOS = YES_AGGRESSIVE;
				GCC_WARN_UNUSED_FUNCTION = YES;
				GCC_WARN_UNUSED_VARIABLE = YES;
				IPHONEOS_DEPLOYMENT_TARGET = 12.2;
				MTL_ENABLE_DEBUG_INFO = NO;
				MTL_FAST_MATH = YES;
				SDKROOT = iphoneos;
				SWIFT_COMPILATION_MODE = wholemodule;
				SWIFT_OPTIMIZATION_LEVEL = "-O";
				VALIDATE_PRODUCT = YES;
			};
			name = Release;
		};
		D15E306422C9189A00170B69 /* Debug */ = {
			isa = XCBuildConfiguration;
			baseConfigurationReference = 281A8DD037FD99FE92FAA960 /* Pods-WeatherTest.debug.xcconfig */;
			buildSettings = {
				ASSETCATALOG_COMPILER_APPICON_NAME = AppIcon;
				CODE_SIGN_STYLE = Automatic;
				INFOPLIST_FILE = WeatherTest/Info.plist;
				LD_RUNPATH_SEARCH_PATHS = (
					"$(inherited)",
					"@executable_path/Frameworks",
				);
				PRODUCT_BUNDLE_IDENTIFIER = com.rayane.weather.WeatherTest;
				PRODUCT_NAME = "$(TARGET_NAME)";
				SWIFT_VERSION = 5.0;
				TARGETED_DEVICE_FAMILY = "1,2";
			};
			name = Debug;
		};
		D15E306522C9189A00170B69 /* Release */ = {
			isa = XCBuildConfiguration;
			baseConfigurationReference = 004CAD906267F708100786E8 /* Pods-WeatherTest.release.xcconfig */;
			buildSettings = {
				ASSETCATALOG_COMPILER_APPICON_NAME = AppIcon;
				CODE_SIGN_STYLE = Automatic;
				INFOPLIST_FILE = WeatherTest/Info.plist;
				LD_RUNPATH_SEARCH_PATHS = (
					"$(inherited)",
					"@executable_path/Frameworks",
				);
				PRODUCT_BUNDLE_IDENTIFIER = com.rayane.weather.WeatherTest;
				PRODUCT_NAME = "$(TARGET_NAME)";
				SWIFT_VERSION = 5.0;
				TARGETED_DEVICE_FAMILY = "1,2";
			};
			name = Release;
		};
		D15E306722C9189A00170B69 /* Debug */ = {
			isa = XCBuildConfiguration;
			baseConfigurationReference = 92CAFB91960F1DCB3B5AE071 /* Pods-WeatherTestTests.debug.xcconfig */;
			buildSettings = {
				ALWAYS_EMBED_SWIFT_STANDARD_LIBRARIES = YES;
				BUNDLE_LOADER = "$(TEST_HOST)";
				CLANG_ENABLE_MODULES = YES;
				CODE_SIGN_STYLE = Automatic;
				INFOPLIST_FILE = WeatherTestTests/Info.plist;
				LD_RUNPATH_SEARCH_PATHS = (
					"$(inherited)",
					"@executable_path/Frameworks",
					"@loader_path/Frameworks",
				);
				PRODUCT_BUNDLE_IDENTIFIER = com.rayane.weather.WeatherTestTests;
				PRODUCT_NAME = "$(TARGET_NAME)";
				SWIFT_OPTIMIZATION_LEVEL = "-Onone";
				SWIFT_VERSION = 5.0;
				TARGETED_DEVICE_FAMILY = "1,2";
				TEST_HOST = "$(BUILT_PRODUCTS_DIR)/WeatherTest.app/WeatherTest";
			};
			name = Debug;
		};
		D15E306822C9189A00170B69 /* Release */ = {
			isa = XCBuildConfiguration;
			baseConfigurationReference = C9F0D0DC9458D12E9ACA823E /* Pods-WeatherTestTests.release.xcconfig */;
			buildSettings = {
				ALWAYS_EMBED_SWIFT_STANDARD_LIBRARIES = YES;
				BUNDLE_LOADER = "$(TEST_HOST)";
				CLANG_ENABLE_MODULES = YES;
				CODE_SIGN_STYLE = Automatic;
				INFOPLIST_FILE = WeatherTestTests/Info.plist;
				LD_RUNPATH_SEARCH_PATHS = (
					"$(inherited)",
					"@executable_path/Frameworks",
					"@loader_path/Frameworks",
				);
				PRODUCT_BUNDLE_IDENTIFIER = com.rayane.weather.WeatherTestTests;
				PRODUCT_NAME = "$(TARGET_NAME)";
				SWIFT_VERSION = 5.0;
				TARGETED_DEVICE_FAMILY = "1,2";
				TEST_HOST = "$(BUILT_PRODUCTS_DIR)/WeatherTest.app/WeatherTest";
			};
			name = Release;
		};
		D15E306A22C9189A00170B69 /* Debug */ = {
			isa = XCBuildConfiguration;
			baseConfigurationReference = B608774B25DAD21333CD6091 /* Pods-WeatherTestUITests.debug.xcconfig */;
			buildSettings = {
				ALWAYS_EMBED_SWIFT_STANDARD_LIBRARIES = YES;
				CODE_SIGN_STYLE = Automatic;
				INFOPLIST_FILE = WeatherTestUITests/Info.plist;
				LD_RUNPATH_SEARCH_PATHS = (
					"$(inherited)",
					"@executable_path/Frameworks",
					"@loader_path/Frameworks",
				);
				PRODUCT_BUNDLE_IDENTIFIER = com.rayane.weather.WeatherTestUITests;
				PRODUCT_NAME = "$(TARGET_NAME)";
				SWIFT_VERSION = 5.0;
				TARGETED_DEVICE_FAMILY = "1,2";
				TEST_TARGET_NAME = WeatherTest;
			};
			name = Debug;
		};
		D15E306B22C9189A00170B69 /* Release */ = {
			isa = XCBuildConfiguration;
			baseConfigurationReference = C889AAE22A502338DC55EA44 /* Pods-WeatherTestUITests.release.xcconfig */;
			buildSettings = {
				ALWAYS_EMBED_SWIFT_STANDARD_LIBRARIES = YES;
				CODE_SIGN_STYLE = Automatic;
				INFOPLIST_FILE = WeatherTestUITests/Info.plist;
				LD_RUNPATH_SEARCH_PATHS = (
					"$(inherited)",
					"@executable_path/Frameworks",
					"@loader_path/Frameworks",
				);
				PRODUCT_BUNDLE_IDENTIFIER = com.rayane.weather.WeatherTestUITests;
				PRODUCT_NAME = "$(TARGET_NAME)";
				SWIFT_VERSION = 5.0;
				TARGETED_DEVICE_FAMILY = "1,2";
				TEST_TARGET_NAME = WeatherTest;
			};
			name = Release;
		};
/* End XCBuildConfiguration section */

/* Begin XCConfigurationList section */
		D15E303622C9189900170B69 /* Build configuration list for PBXProject "WeatherTest" */ = {
			isa = XCConfigurationList;
			buildConfigurations = (
				D15E306122C9189A00170B69 /* Debug */,
				D15E306222C9189A00170B69 /* Release */,
			);
			defaultConfigurationIsVisible = 0;
			defaultConfigurationName = Release;
		};
		D15E306322C9189A00170B69 /* Build configuration list for PBXNativeTarget "WeatherTest" */ = {
			isa = XCConfigurationList;
			buildConfigurations = (
				D15E306422C9189A00170B69 /* Debug */,
				D15E306522C9189A00170B69 /* Release */,
			);
			defaultConfigurationIsVisible = 0;
			defaultConfigurationName = Release;
		};
		D15E306622C9189A00170B69 /* Build configuration list for PBXNativeTarget "WeatherTestTests" */ = {
			isa = XCConfigurationList;
			buildConfigurations = (
				D15E306722C9189A00170B69 /* Debug */,
				D15E306822C9189A00170B69 /* Release */,
			);
			defaultConfigurationIsVisible = 0;
			defaultConfigurationName = Release;
		};
		D15E306922C9189A00170B69 /* Build configuration list for PBXNativeTarget "WeatherTestUITests" */ = {
			isa = XCConfigurationList;
			buildConfigurations = (
				D15E306A22C9189A00170B69 /* Debug */,
				D15E306B22C9189A00170B69 /* Release */,
			);
			defaultConfigurationIsVisible = 0;
			defaultConfigurationName = Release;
		};
/* End XCConfigurationList section */
	};
	rootObject = D15E303322C9189900170B69 /* Project object */;
}
